// !$*UTF8*$!
{
	archiveVersion = 1;
	classes = {
	};
	objectVersion = 56;
	objects = {

/* Begin PBXBuildFile section */
		661439B029E81D7100ED6488 /* SearchBooksResult.swift in Sources */ = {isa = PBXBuildFile; fileRef = 661439AF29E81D7100ED6488 /* SearchBooksResult.swift */; };
		6636887929E8109F00E28A75 /* ArrayExtension.swift in Sources */ = {isa = PBXBuildFile; fileRef = 6636887829E8109F00E28A75 /* ArrayExtension.swift */; };
		665B8A3F29EFB0BD00EF17F1 /* BookPModel.swift in Sources */ = {isa = PBXBuildFile; fileRef = 665B8A3E29EFB0BD00EF17F1 /* BookPModel.swift */; };
		665B8A4129EFB7C700EF17F1 /* SearchBooksResultPModel.swift in Sources */ = {isa = PBXBuildFile; fileRef = 665B8A4029EFB7C700EF17F1 /* SearchBooksResultPModel.swift */; };
		665B8A4329EFEEF600EF17F1 /* CoverImageViewModel.swift in Sources */ = {isa = PBXBuildFile; fileRef = 665B8A4229EFEEF600EF17F1 /* CoverImageViewModel.swift */; };
		66879B8C29E7AFC7000E639A /* BookSearchAppTests.swift in Sources */ = {isa = PBXBuildFile; fileRef = 66879B8B29E7AFC7000E639A /* BookSearchAppTests.swift */; };
		66879B9929E7B76F000E639A /* BooksSearchSlowTests.swift in Sources */ = {isa = PBXBuildFile; fileRef = 66879B9829E7B76F000E639A /* BooksSearchSlowTests.swift */; };
		66879BAA29E7D023000E639A /* BookSearchAppUITests.swift in Sources */ = {isa = PBXBuildFile; fileRef = 66879BA929E7D023000E639A /* BookSearchAppUITests.swift */; };
		66879BAC29E7D023000E639A /* BookSearchAppUITestsLaunchTests.swift in Sources */ = {isa = PBXBuildFile; fileRef = 66879BAB29E7D023000E639A /* BookSearchAppUITestsLaunchTests.swift */; };
		669DE1B229E4EBF4007C8819 /* BookSearchAppApp.swift in Sources */ = {isa = PBXBuildFile; fileRef = 669DE1B129E4EBF4007C8819 /* BookSearchAppApp.swift */; };
		669DE1B429E4EBF4007C8819 /* ContentView.swift in Sources */ = {isa = PBXBuildFile; fileRef = 669DE1B329E4EBF4007C8819 /* ContentView.swift */; };
		669DE1B629E4EBF5007C8819 /* Assets.xcassets in Resources */ = {isa = PBXBuildFile; fileRef = 669DE1B529E4EBF5007C8819 /* Assets.xcassets */; };
		669DE1B929E4EBF5007C8819 /* Preview Assets.xcassets in Resources */ = {isa = PBXBuildFile; fileRef = 669DE1B829E4EBF5007C8819 /* Preview Assets.xcassets */; };
		669DE1C129E4EF02007C8819 /* .swiftlint.yml in Resources */ = {isa = PBXBuildFile; fileRef = 669DE1C029E4EF02007C8819 /* .swiftlint.yml */; };
		669DE1C829E50640007C8819 /* BookSearchViewModel.swift in Sources */ = {isa = PBXBuildFile; fileRef = 669DE1C729E50640007C8819 /* BookSearchViewModel.swift */; };
		669DE1CA29E506A7007C8819 /* Book.swift in Sources */ = {isa = PBXBuildFile; fileRef = 669DE1C929E506A7007C8819 /* Book.swift */; };
		669DE1CD29E507AB007C8819 /* WebService.swift in Sources */ = {isa = PBXBuildFile; fileRef = 669DE1CC29E507AB007C8819 /* WebService.swift */; };
		669DE1D029E54CC1007C8819 /* View+.swift in Sources */ = {isa = PBXBuildFile; fileRef = 669DE1CF29E54CC1007C8819 /* View+.swift */; };
		669DE1D229E54D94007C8819 /* TextFieldClearButton.swift in Sources */ = {isa = PBXBuildFile; fileRef = 669DE1D129E54D94007C8819 /* TextFieldClearButton.swift */; };
		66C3FBC229E594200059BE1B /* BookCellView.swift in Sources */ = {isa = PBXBuildFile; fileRef = 66C3FBC129E594200059BE1B /* BookCellView.swift */; };
		66C3FBC529E595AF0059BE1B /* BookDetailView.swift in Sources */ = {isa = PBXBuildFile; fileRef = 66C3FBC429E595AF0059BE1B /* BookDetailView.swift */; };
		66C3FBC729E65FD70059BE1B /* CoverImageView.swift in Sources */ = {isa = PBXBuildFile; fileRef = 66C3FBC629E65FD70059BE1B /* CoverImageView.swift */; };
		66C3FBC929E697710059BE1B /* CacheManager.swift in Sources */ = {isa = PBXBuildFile; fileRef = 66C3FBC829E697710059BE1B /* CacheManager.swift */; };
/* End PBXBuildFile section */

/* Begin PBXContainerItemProxy section */
		66879B8D29E7AFC7000E639A /* PBXContainerItemProxy */ = {
			isa = PBXContainerItemProxy;
			containerPortal = 669DE1A629E4EBF4007C8819 /* Project object */;
			proxyType = 1;
			remoteGlobalIDString = 669DE1AD29E4EBF4007C8819;
			remoteInfo = BookSearchApp;
		};
		66879B9A29E7B76F000E639A /* PBXContainerItemProxy */ = {
			isa = PBXContainerItemProxy;
			containerPortal = 669DE1A629E4EBF4007C8819 /* Project object */;
			proxyType = 1;
			remoteGlobalIDString = 669DE1AD29E4EBF4007C8819;
			remoteInfo = BookSearchApp;
		};
		66879BAD29E7D023000E639A /* PBXContainerItemProxy */ = {
			isa = PBXContainerItemProxy;
			containerPortal = 669DE1A629E4EBF4007C8819 /* Project object */;
			proxyType = 1;
			remoteGlobalIDString = 669DE1AD29E4EBF4007C8819;
			remoteInfo = BookSearchApp;
		};
/* End PBXContainerItemProxy section */

/* Begin PBXFileReference section */
		661439AF29E81D7100ED6488 /* SearchBooksResult.swift */ = {isa = PBXFileReference; lastKnownFileType = sourcecode.swift; path = SearchBooksResult.swift; sourceTree = "<group>"; };
		6636887829E8109F00E28A75 /* ArrayExtension.swift */ = {isa = PBXFileReference; lastKnownFileType = sourcecode.swift; path = ArrayExtension.swift; sourceTree = "<group>"; };
		665B8A3E29EFB0BD00EF17F1 /* BookPModel.swift */ = {isa = PBXFileReference; lastKnownFileType = sourcecode.swift; path = BookPModel.swift; sourceTree = "<group>"; };
		665B8A4029EFB7C700EF17F1 /* SearchBooksResultPModel.swift */ = {isa = PBXFileReference; lastKnownFileType = sourcecode.swift; path = SearchBooksResultPModel.swift; sourceTree = "<group>"; };
		665B8A4229EFEEF600EF17F1 /* CoverImageViewModel.swift */ = {isa = PBXFileReference; lastKnownFileType = sourcecode.swift; path = CoverImageViewModel.swift; sourceTree = "<group>"; };
		66879B8929E7AFC7000E639A /* BookSearchAppTests.xctest */ = {isa = PBXFileReference; explicitFileType = wrapper.cfbundle; includeInIndex = 0; path = BookSearchAppTests.xctest; sourceTree = BUILT_PRODUCTS_DIR; };
		66879B8B29E7AFC7000E639A /* BookSearchAppTests.swift */ = {isa = PBXFileReference; lastKnownFileType = sourcecode.swift; path = BookSearchAppTests.swift; sourceTree = "<group>"; };
		66879B9629E7B76F000E639A /* BooksSearchSlowTests.xctest */ = {isa = PBXFileReference; explicitFileType = wrapper.cfbundle; includeInIndex = 0; path = BooksSearchSlowTests.xctest; sourceTree = BUILT_PRODUCTS_DIR; };
		66879B9829E7B76F000E639A /* BooksSearchSlowTests.swift */ = {isa = PBXFileReference; lastKnownFileType = sourcecode.swift; path = BooksSearchSlowTests.swift; sourceTree = "<group>"; };
		66879BA729E7D023000E639A /* BookSearchAppUITests.xctest */ = {isa = PBXFileReference; explicitFileType = wrapper.cfbundle; includeInIndex = 0; path = BookSearchAppUITests.xctest; sourceTree = BUILT_PRODUCTS_DIR; };
		66879BA929E7D023000E639A /* BookSearchAppUITests.swift */ = {isa = PBXFileReference; lastKnownFileType = sourcecode.swift; path = BookSearchAppUITests.swift; sourceTree = "<group>"; };
		66879BAB29E7D023000E639A /* BookSearchAppUITestsLaunchTests.swift */ = {isa = PBXFileReference; lastKnownFileType = sourcecode.swift; path = BookSearchAppUITestsLaunchTests.swift; sourceTree = "<group>"; };
		669DE1AE29E4EBF4007C8819 /* BookSearchApp.app */ = {isa = PBXFileReference; explicitFileType = wrapper.application; includeInIndex = 0; path = BookSearchApp.app; sourceTree = BUILT_PRODUCTS_DIR; };
		669DE1B129E4EBF4007C8819 /* BookSearchAppApp.swift */ = {isa = PBXFileReference; lastKnownFileType = sourcecode.swift; path = BookSearchAppApp.swift; sourceTree = "<group>"; };
		669DE1B329E4EBF4007C8819 /* ContentView.swift */ = {isa = PBXFileReference; lastKnownFileType = sourcecode.swift; path = ContentView.swift; sourceTree = "<group>"; };
		669DE1B529E4EBF5007C8819 /* Assets.xcassets */ = {isa = PBXFileReference; lastKnownFileType = folder.assetcatalog; path = Assets.xcassets; sourceTree = "<group>"; };
		669DE1B829E4EBF5007C8819 /* Preview Assets.xcassets */ = {isa = PBXFileReference; lastKnownFileType = folder.assetcatalog; path = "Preview Assets.xcassets"; sourceTree = "<group>"; };
		669DE1C029E4EF02007C8819 /* .swiftlint.yml */ = {isa = PBXFileReference; lastKnownFileType = text.yaml; path = .swiftlint.yml; sourceTree = "<group>"; };
		669DE1C729E50640007C8819 /* BookSearchViewModel.swift */ = {isa = PBXFileReference; lastKnownFileType = sourcecode.swift; path = BookSearchViewModel.swift; sourceTree = "<group>"; };
		669DE1C929E506A7007C8819 /* Book.swift */ = {isa = PBXFileReference; lastKnownFileType = sourcecode.swift; path = Book.swift; sourceTree = "<group>"; };
		669DE1CC29E507AB007C8819 /* WebService.swift */ = {isa = PBXFileReference; lastKnownFileType = sourcecode.swift; path = WebService.swift; sourceTree = "<group>"; };
		669DE1CF29E54CC1007C8819 /* View+.swift */ = {isa = PBXFileReference; lastKnownFileType = sourcecode.swift; path = "View+.swift"; sourceTree = "<group>"; };
		669DE1D129E54D94007C8819 /* TextFieldClearButton.swift */ = {isa = PBXFileReference; lastKnownFileType = sourcecode.swift; path = TextFieldClearButton.swift; sourceTree = "<group>"; };
		669DE1D929E55D83007C8819 /* Info.plist */ = {isa = PBXFileReference; fileEncoding = 4; lastKnownFileType = text.plist.xml; path = Info.plist; sourceTree = "<group>"; };
		66C3FBC129E594200059BE1B /* BookCellView.swift */ = {isa = PBXFileReference; lastKnownFileType = sourcecode.swift; path = BookCellView.swift; sourceTree = "<group>"; };
		66C3FBC429E595AF0059BE1B /* BookDetailView.swift */ = {isa = PBXFileReference; lastKnownFileType = sourcecode.swift; path = BookDetailView.swift; sourceTree = "<group>"; };
		66C3FBC629E65FD70059BE1B /* CoverImageView.swift */ = {isa = PBXFileReference; lastKnownFileType = sourcecode.swift; path = CoverImageView.swift; sourceTree = "<group>"; };
		66C3FBC829E697710059BE1B /* CacheManager.swift */ = {isa = PBXFileReference; lastKnownFileType = sourcecode.swift; path = CacheManager.swift; sourceTree = "<group>"; };
/* End PBXFileReference section */

/* Begin PBXFrameworksBuildPhase section */
		66879B8629E7AFC7000E639A /* Frameworks */ = {
			isa = PBXFrameworksBuildPhase;
			buildActionMask = 2147483647;
			files = (
			);
			runOnlyForDeploymentPostprocessing = 0;
		};
		66879B9329E7B76F000E639A /* Frameworks */ = {
			isa = PBXFrameworksBuildPhase;
			buildActionMask = 2147483647;
			files = (
			);
			runOnlyForDeploymentPostprocessing = 0;
		};
		66879BA429E7D023000E639A /* Frameworks */ = {
			isa = PBXFrameworksBuildPhase;
			buildActionMask = 2147483647;
			files = (
			);
			runOnlyForDeploymentPostprocessing = 0;
		};
		669DE1AB29E4EBF4007C8819 /* Frameworks */ = {
			isa = PBXFrameworksBuildPhase;
			buildActionMask = 2147483647;
			files = (
			);
			runOnlyForDeploymentPostprocessing = 0;
		};
/* End PBXFrameworksBuildPhase section */

/* Begin PBXGroup section */
		6636887A29E810EB00E28A75 /* ViewModel */ = {
			isa = PBXGroup;
			children = (
				669DE1C729E50640007C8819 /* BookSearchViewModel.swift */,
				665B8A4229EFEEF600EF17F1 /* CoverImageViewModel.swift */,
			);
			path = ViewModel;
			sourceTree = "<group>";
		};
		6636887B29E810F100E28A75 /* Singleton */ = {
			isa = PBXGroup;
			children = (
				669DE1CC29E507AB007C8819 /* WebService.swift */,
				66C3FBC829E697710059BE1B /* CacheManager.swift */,
			);
			path = Singleton;
			sourceTree = "<group>";
		};
		6636887E29E816C700E28A75 /* CustomUI */ = {
			isa = PBXGroup;
			children = (
				669DE1D129E54D94007C8819 /* TextFieldClearButton.swift */,
			);
			path = CustomUI;
			sourceTree = "<group>";
		};
		66879B8A29E7AFC7000E639A /* BookSearchAppTests */ = {
			isa = PBXGroup;
			children = (
				66879B8B29E7AFC7000E639A /* BookSearchAppTests.swift */,
			);
			path = BookSearchAppTests;
			sourceTree = "<group>";
		};
		66879B9729E7B76F000E639A /* BooksSearchSlowTests */ = {
			isa = PBXGroup;
			children = (
				66879B9829E7B76F000E639A /* BooksSearchSlowTests.swift */,
			);
			path = BooksSearchSlowTests;
			sourceTree = "<group>";
		};
		66879BA829E7D023000E639A /* BookSearchAppUITests */ = {
			isa = PBXGroup;
			children = (
				66879BA929E7D023000E639A /* BookSearchAppUITests.swift */,
				66879BAB29E7D023000E639A /* BookSearchAppUITestsLaunchTests.swift */,
			);
			path = BookSearchAppUITests;
			sourceTree = "<group>";
		};
		669DE1A529E4EBF4007C8819 = {
			isa = PBXGroup;
			children = (
				669DE1C029E4EF02007C8819 /* .swiftlint.yml */,
				669DE1B029E4EBF4007C8819 /* BookSearchApp */,
				66879B8A29E7AFC7000E639A /* BookSearchAppTests */,
				66879B9729E7B76F000E639A /* BooksSearchSlowTests */,
				66879BA829E7D023000E639A /* BookSearchAppUITests */,
				669DE1AF29E4EBF4007C8819 /* Products */,
			);
			sourceTree = "<group>";
		};
		669DE1AF29E4EBF4007C8819 /* Products */ = {
			isa = PBXGroup;
			children = (
				669DE1AE29E4EBF4007C8819 /* BookSearchApp.app */,
				66879B8929E7AFC7000E639A /* BookSearchAppTests.xctest */,
				66879B9629E7B76F000E639A /* BooksSearchSlowTests.xctest */,
				66879BA729E7D023000E639A /* BookSearchAppUITests.xctest */,
			);
			name = Products;
			sourceTree = "<group>";
		};
		669DE1B029E4EBF4007C8819 /* BookSearchApp */ = {
			isa = PBXGroup;
			children = (
				669DE1D929E55D83007C8819 /* Info.plist */,
				669DE1B129E4EBF4007C8819 /* BookSearchAppApp.swift */,
				669DE1D429E555C6007C8819 /* View */,
				669DE1CE29E54CA0007C8819 /* Extension */,
				669DE1C629E5062E007C8819 /* Architecture */,
				669DE1C229E504BB007C8819 /* Model */,
				669DE1B529E4EBF5007C8819 /* Assets.xcassets */,
				669DE1B729E4EBF5007C8819 /* Preview Content */,
			);
			path = BookSearchApp;
			sourceTree = "<group>";
		};
		669DE1B729E4EBF5007C8819 /* Preview Content */ = {
			isa = PBXGroup;
			children = (
				669DE1B829E4EBF5007C8819 /* Preview Assets.xcassets */,
			);
			path = "Preview Content";
			sourceTree = "<group>";
		};
		669DE1C229E504BB007C8819 /* Model */ = {
			isa = PBXGroup;
			children = (
				669DE1C929E506A7007C8819 /* Book.swift */,
				661439AF29E81D7100ED6488 /* SearchBooksResult.swift */,
				665B8A3E29EFB0BD00EF17F1 /* BookPModel.swift */,
				665B8A4029EFB7C700EF17F1 /* SearchBooksResultPModel.swift */,
			);
			path = Model;
			sourceTree = "<group>";
		};
		669DE1C629E5062E007C8819 /* Architecture */ = {
			isa = PBXGroup;
			children = (
				6636887B29E810F100E28A75 /* Singleton */,
				6636887A29E810EB00E28A75 /* ViewModel */,
			);
			path = Architecture;
			sourceTree = "<group>";
		};
		669DE1CE29E54CA0007C8819 /* Extension */ = {
			isa = PBXGroup;
			children = (
				669DE1CF29E54CC1007C8819 /* View+.swift */,
				6636887829E8109F00E28A75 /* ArrayExtension.swift */,
			);
			path = Extension;
			sourceTree = "<group>";
		};
		669DE1D429E555C6007C8819 /* View */ = {
			isa = PBXGroup;
			children = (
				6636887E29E816C700E28A75 /* CustomUI */,
				66C3FBC029E593E80059BE1B /* BooksSearchView */,
				66C3FBC329E595850059BE1B /* BookDetailView */,
			);
			path = View;
			sourceTree = "<group>";
		};
		66C3FBC029E593E80059BE1B /* BooksSearchView */ = {
			isa = PBXGroup;
			children = (
				669DE1B329E4EBF4007C8819 /* ContentView.swift */,
				66C3FBC129E594200059BE1B /* BookCellView.swift */,
				66C3FBC629E65FD70059BE1B /* CoverImageView.swift */,
			);
			path = BooksSearchView;
			sourceTree = "<group>";
		};
		66C3FBC329E595850059BE1B /* BookDetailView */ = {
			isa = PBXGroup;
			children = (
				66C3FBC429E595AF0059BE1B /* BookDetailView.swift */,
			);
			path = BookDetailView;
			sourceTree = "<group>";
		};
/* End PBXGroup section */

/* Begin PBXNativeTarget section */
		66879B8829E7AFC7000E639A /* BookSearchAppTests */ = {
			isa = PBXNativeTarget;
			buildConfigurationList = 66879B9129E7AFC7000E639A /* Build configuration list for PBXNativeTarget "BookSearchAppTests" */;
			buildPhases = (
				66879B8529E7AFC7000E639A /* Sources */,
				66879B8629E7AFC7000E639A /* Frameworks */,
				66879B8729E7AFC7000E639A /* Resources */,
			);
			buildRules = (
			);
			dependencies = (
				66879B8E29E7AFC7000E639A /* PBXTargetDependency */,
			);
			name = BookSearchAppTests;
			productName = BookSearchAppTests;
			productReference = 66879B8929E7AFC7000E639A /* BookSearchAppTests.xctest */;
			productType = "com.apple.product-type.bundle.unit-test";
		};
		66879B9529E7B76F000E639A /* BooksSearchSlowTests */ = {
			isa = PBXNativeTarget;
			buildConfigurationList = 66879B9C29E7B76F000E639A /* Build configuration list for PBXNativeTarget "BooksSearchSlowTests" */;
			buildPhases = (
				66879B9229E7B76F000E639A /* Sources */,
				66879B9329E7B76F000E639A /* Frameworks */,
				66879B9429E7B76F000E639A /* Resources */,
			);
			buildRules = (
			);
			dependencies = (
				66879B9B29E7B76F000E639A /* PBXTargetDependency */,
			);
			name = BooksSearchSlowTests;
			productName = BooksSearchSlowTests;
			productReference = 66879B9629E7B76F000E639A /* BooksSearchSlowTests.xctest */;
			productType = "com.apple.product-type.bundle.unit-test";
		};
		66879BA629E7D023000E639A /* BookSearchAppUITests */ = {
			isa = PBXNativeTarget;
			buildConfigurationList = 66879BAF29E7D023000E639A /* Build configuration list for PBXNativeTarget "BookSearchAppUITests" */;
			buildPhases = (
				66879BA329E7D023000E639A /* Sources */,
				66879BA429E7D023000E639A /* Frameworks */,
				66879BA529E7D023000E639A /* Resources */,
			);
			buildRules = (
			);
			dependencies = (
				66879BAE29E7D023000E639A /* PBXTargetDependency */,
			);
			name = BookSearchAppUITests;
			productName = BookSearchAppUITests;
			productReference = 66879BA729E7D023000E639A /* BookSearchAppUITests.xctest */;
			productType = "com.apple.product-type.bundle.ui-testing";
		};
		669DE1AD29E4EBF4007C8819 /* BookSearchApp */ = {
			isa = PBXNativeTarget;
			buildConfigurationList = 669DE1BC29E4EBF5007C8819 /* Build configuration list for PBXNativeTarget "BookSearchApp" */;
			buildPhases = (
				669DE1BF29E4EE89007C8819 /* SwiftLint Script */,
				669DE1AA29E4EBF4007C8819 /* Sources */,
				669DE1AB29E4EBF4007C8819 /* Frameworks */,
				669DE1AC29E4EBF4007C8819 /* Resources */,
			);
			buildRules = (
			);
			dependencies = (
			);
			name = BookSearchApp;
			productName = BookSearchApp;
			productReference = 669DE1AE29E4EBF4007C8819 /* BookSearchApp.app */;
			productType = "com.apple.product-type.application";
		};
/* End PBXNativeTarget section */

/* Begin PBXProject section */
		669DE1A629E4EBF4007C8819 /* Project object */ = {
			isa = PBXProject;
			attributes = {
				BuildIndependentTargetsInParallel = 1;
				LastSwiftUpdateCheck = 1430;
				LastUpgradeCheck = 1430;
				TargetAttributes = {
					66879B8829E7AFC7000E639A = {
						CreatedOnToolsVersion = 14.3;
						TestTargetID = 669DE1AD29E4EBF4007C8819;
					};
					66879B9529E7B76F000E639A = {
						CreatedOnToolsVersion = 14.3;
						TestTargetID = 669DE1AD29E4EBF4007C8819;
					};
					66879BA629E7D023000E639A = {
						CreatedOnToolsVersion = 14.3;
						TestTargetID = 669DE1AD29E4EBF4007C8819;
					};
					669DE1AD29E4EBF4007C8819 = {
						CreatedOnToolsVersion = 14.3;
					};
				};
			};
			buildConfigurationList = 669DE1A929E4EBF4007C8819 /* Build configuration list for PBXProject "BookSearchApp" */;
			compatibilityVersion = "Xcode 14.0";
			developmentRegion = en;
			hasScannedForEncodings = 0;
			knownRegions = (
				en,
				Base,
			);
			mainGroup = 669DE1A529E4EBF4007C8819;
			productRefGroup = 669DE1AF29E4EBF4007C8819 /* Products */;
			projectDirPath = "";
			projectRoot = "";
			targets = (
				669DE1AD29E4EBF4007C8819 /* BookSearchApp */,
				66879B8829E7AFC7000E639A /* BookSearchAppTests */,
				66879B9529E7B76F000E639A /* BooksSearchSlowTests */,
				66879BA629E7D023000E639A /* BookSearchAppUITests */,
			);
		};
/* End PBXProject section */

/* Begin PBXResourcesBuildPhase section */
		66879B8729E7AFC7000E639A /* Resources */ = {
			isa = PBXResourcesBuildPhase;
			buildActionMask = 2147483647;
			files = (
			);
			runOnlyForDeploymentPostprocessing = 0;
		};
		66879B9429E7B76F000E639A /* Resources */ = {
			isa = PBXResourcesBuildPhase;
			buildActionMask = 2147483647;
			files = (
			);
			runOnlyForDeploymentPostprocessing = 0;
		};
		66879BA529E7D023000E639A /* Resources */ = {
			isa = PBXResourcesBuildPhase;
			buildActionMask = 2147483647;
			files = (
			);
			runOnlyForDeploymentPostprocessing = 0;
		};
		669DE1AC29E4EBF4007C8819 /* Resources */ = {
			isa = PBXResourcesBuildPhase;
			buildActionMask = 2147483647;
			files = (
				669DE1C129E4EF02007C8819 /* .swiftlint.yml in Resources */,
				669DE1B929E4EBF5007C8819 /* Preview Assets.xcassets in Resources */,
				669DE1B629E4EBF5007C8819 /* Assets.xcassets in Resources */,
			);
			runOnlyForDeploymentPostprocessing = 0;
		};
/* End PBXResourcesBuildPhase section */

/* Begin PBXShellScriptBuildPhase section */
		669DE1BF29E4EE89007C8819 /* SwiftLint Script */ = {
			isa = PBXShellScriptBuildPhase;
			alwaysOutOfDate = 1;
			buildActionMask = 2147483647;
			files = (
			);
			inputFileListPaths = (
			);
			inputPaths = (
			);
			name = "SwiftLint Script";
			outputFileListPaths = (
			);
			outputPaths = (
			);
			runOnlyForDeploymentPostprocessing = 0;
			shellPath = /bin/sh;
			shellScript = "# Type a script or drag a script file from your workspace to insert its path.\nexport PATH=\"$PATH:/opt/homebrew/bin\"\nif which swiftlint > /dev/null; then\n  swiftlint\nelse\n  echo \"warning: SwiftLint not installed, download from https://github.com/realm/SwiftLint\"\nfi\n";
		};
/* End PBXShellScriptBuildPhase section */

/* Begin PBXSourcesBuildPhase section */
		66879B8529E7AFC7000E639A /* Sources */ = {
			isa = PBXSourcesBuildPhase;
			buildActionMask = 2147483647;
			files = (
				66879B8C29E7AFC7000E639A /* BookSearchAppTests.swift in Sources */,
			);
			runOnlyForDeploymentPostprocessing = 0;
		};
		66879B9229E7B76F000E639A /* Sources */ = {
			isa = PBXSourcesBuildPhase;
			buildActionMask = 2147483647;
			files = (
				66879B9929E7B76F000E639A /* BooksSearchSlowTests.swift in Sources */,
			);
			runOnlyForDeploymentPostprocessing = 0;
		};
		66879BA329E7D023000E639A /* Sources */ = {
			isa = PBXSourcesBuildPhase;
			buildActionMask = 2147483647;
			files = (
				66879BAA29E7D023000E639A /* BookSearchAppUITests.swift in Sources */,
				66879BAC29E7D023000E639A /* BookSearchAppUITestsLaunchTests.swift in Sources */,
			);
			runOnlyForDeploymentPostprocessing = 0;
		};
		669DE1AA29E4EBF4007C8819 /* Sources */ = {
			isa = PBXSourcesBuildPhase;
			buildActionMask = 2147483647;
			files = (
				669DE1B429E4EBF4007C8819 /* ContentView.swift in Sources */,
				665B8A3F29EFB0BD00EF17F1 /* BookPModel.swift in Sources */,
				665B8A4329EFEEF600EF17F1 /* CoverImageViewModel.swift in Sources */,
				669DE1D029E54CC1007C8819 /* View+.swift in Sources */,
				66C3FBC529E595AF0059BE1B /* BookDetailView.swift in Sources */,
				6636887929E8109F00E28A75 /* ArrayExtension.swift in Sources */,
				669DE1B229E4EBF4007C8819 /* BookSearchAppApp.swift in Sources */,
				669DE1D229E54D94007C8819 /* TextFieldClearButton.swift in Sources */,
				66C3FBC229E594200059BE1B /* BookCellView.swift in Sources */,
				66C3FBC729E65FD70059BE1B /* CoverImageView.swift in Sources */,
				669DE1CA29E506A7007C8819 /* Book.swift in Sources */,
				661439B029E81D7100ED6488 /* SearchBooksResult.swift in Sources */,
				665B8A4129EFB7C700EF17F1 /* SearchBooksResultPModel.swift in Sources */,
				669DE1CD29E507AB007C8819 /* WebService.swift in Sources */,
				669DE1C829E50640007C8819 /* BookSearchViewModel.swift in Sources */,
				66C3FBC929E697710059BE1B /* CacheManager.swift in Sources */,
			);
			runOnlyForDeploymentPostprocessing = 0;
		};
/* End PBXSourcesBuildPhase section */

/* Begin PBXTargetDependency section */
		66879B8E29E7AFC7000E639A /* PBXTargetDependency */ = {
			isa = PBXTargetDependency;
			target = 669DE1AD29E4EBF4007C8819 /* BookSearchApp */;
			targetProxy = 66879B8D29E7AFC7000E639A /* PBXContainerItemProxy */;
		};
		66879B9B29E7B76F000E639A /* PBXTargetDependency */ = {
			isa = PBXTargetDependency;
			target = 669DE1AD29E4EBF4007C8819 /* BookSearchApp */;
			targetProxy = 66879B9A29E7B76F000E639A /* PBXContainerItemProxy */;
		};
		66879BAE29E7D023000E639A /* PBXTargetDependency */ = {
			isa = PBXTargetDependency;
			target = 669DE1AD29E4EBF4007C8819 /* BookSearchApp */;
			targetProxy = 66879BAD29E7D023000E639A /* PBXContainerItemProxy */;
		};
/* End PBXTargetDependency section */

/* Begin XCBuildConfiguration section */
		66879B8F29E7AFC7000E639A /* Debug */ = {
			isa = XCBuildConfiguration;
			buildSettings = {
				BUNDLE_LOADER = "$(TEST_HOST)";
				CODE_SIGN_STYLE = Automatic;
				CURRENT_PROJECT_VERSION = 1;
				DEVELOPMENT_TEAM = RF42434X35;
				GENERATE_INFOPLIST_FILE = YES;
				IPHONEOS_DEPLOYMENT_TARGET = 16.4;
				MACOSX_DEPLOYMENT_TARGET = 13.3;
				MARKETING_VERSION = 1.0;
				PRODUCT_BUNDLE_IDENTIFIER = com.Taeyoung.BookSearchAppTests;
				PRODUCT_NAME = "$(TARGET_NAME)";
				SDKROOT = auto;
				SUPPORTED_PLATFORMS = "iphoneos iphonesimulator macosx";
				SWIFT_EMIT_LOC_STRINGS = NO;
				SWIFT_VERSION = 5.0;
				TARGETED_DEVICE_FAMILY = "1,2";
				TEST_HOST = "$(BUILT_PRODUCTS_DIR)/BookSearchApp.app/$(BUNDLE_EXECUTABLE_FOLDER_PATH)/BookSearchApp";
			};
			name = Debug;
		};
		66879B9029E7AFC7000E639A /* Release */ = {
			isa = XCBuildConfiguration;
			buildSettings = {
				BUNDLE_LOADER = "$(TEST_HOST)";
				CODE_SIGN_STYLE = Automatic;
				CURRENT_PROJECT_VERSION = 1;
				DEVELOPMENT_TEAM = RF42434X35;
				GENERATE_INFOPLIST_FILE = YES;
				IPHONEOS_DEPLOYMENT_TARGET = 16.4;
				MACOSX_DEPLOYMENT_TARGET = 13.3;
				MARKETING_VERSION = 1.0;
				PRODUCT_BUNDLE_IDENTIFIER = com.Taeyoung.BookSearchAppTests;
				PRODUCT_NAME = "$(TARGET_NAME)";
				SDKROOT = auto;
				SUPPORTED_PLATFORMS = "iphoneos iphonesimulator macosx";
				SWIFT_EMIT_LOC_STRINGS = NO;
				SWIFT_VERSION = 5.0;
				TARGETED_DEVICE_FAMILY = "1,2";
				TEST_HOST = "$(BUILT_PRODUCTS_DIR)/BookSearchApp.app/$(BUNDLE_EXECUTABLE_FOLDER_PATH)/BookSearchApp";
			};
			name = Release;
		};
		66879B9D29E7B76F000E639A /* Debug */ = {
			isa = XCBuildConfiguration;
			buildSettings = {
				BUNDLE_LOADER = "$(TEST_HOST)";
				CODE_SIGN_STYLE = Automatic;
				CURRENT_PROJECT_VERSION = 1;
				DEVELOPMENT_TEAM = RF42434X35;
				GENERATE_INFOPLIST_FILE = YES;
				IPHONEOS_DEPLOYMENT_TARGET = 16.4;
				MACOSX_DEPLOYMENT_TARGET = 13.3;
				MARKETING_VERSION = 1.0;
				PRODUCT_BUNDLE_IDENTIFIER = com.Taeyoung.BooksSearchSlowTests;
				PRODUCT_NAME = "$(TARGET_NAME)";
				SDKROOT = auto;
				SUPPORTED_PLATFORMS = "iphoneos iphonesimulator macosx";
				SWIFT_EMIT_LOC_STRINGS = NO;
				SWIFT_VERSION = 5.0;
				TARGETED_DEVICE_FAMILY = "1,2";
				TEST_HOST = "$(BUILT_PRODUCTS_DIR)/BookSearchApp.app/$(BUNDLE_EXECUTABLE_FOLDER_PATH)/BookSearchApp";
			};
			name = Debug;
		};
		66879B9E29E7B76F000E639A /* Release */ = {
			isa = XCBuildConfiguration;
			buildSettings = {
				BUNDLE_LOADER = "$(TEST_HOST)";
				CODE_SIGN_STYLE = Automatic;
				CURRENT_PROJECT_VERSION = 1;
				DEVELOPMENT_TEAM = RF42434X35;
				GENERATE_INFOPLIST_FILE = YES;
				IPHONEOS_DEPLOYMENT_TARGET = 16.4;
				MACOSX_DEPLOYMENT_TARGET = 13.3;
				MARKETING_VERSION = 1.0;
				PRODUCT_BUNDLE_IDENTIFIER = com.Taeyoung.BooksSearchSlowTests;
				PRODUCT_NAME = "$(TARGET_NAME)";
				SDKROOT = auto;
				SUPPORTED_PLATFORMS = "iphoneos iphonesimulator macosx";
				SWIFT_EMIT_LOC_STRINGS = NO;
				SWIFT_VERSION = 5.0;
				TARGETED_DEVICE_FAMILY = "1,2";
				TEST_HOST = "$(BUILT_PRODUCTS_DIR)/BookSearchApp.app/$(BUNDLE_EXECUTABLE_FOLDER_PATH)/BookSearchApp";
			};
			name = Release;
		};
		66879BB029E7D023000E639A /* Debug */ = {
			isa = XCBuildConfiguration;
			buildSettings = {
				CODE_SIGN_STYLE = Automatic;
				CURRENT_PROJECT_VERSION = 1;
				DEVELOPMENT_TEAM = RF42434X35;
				GENERATE_INFOPLIST_FILE = YES;
				IPHONEOS_DEPLOYMENT_TARGET = 16.4;
				MARKETING_VERSION = 1.0;
				PRODUCT_BUNDLE_IDENTIFIER = com.Taeyoung.BookSearchAppUITests;
				PRODUCT_NAME = "$(TARGET_NAME)";
				SWIFT_EMIT_LOC_STRINGS = NO;
				SWIFT_VERSION = 5.0;
				TARGETED_DEVICE_FAMILY = "1,2";
				TEST_TARGET_NAME = BookSearchApp;
			};
			name = Debug;
		};
		66879BB129E7D023000E639A /* Release */ = {
			isa = XCBuildConfiguration;
			buildSettings = {
				CODE_SIGN_STYLE = Automatic;
				CURRENT_PROJECT_VERSION = 1;
				DEVELOPMENT_TEAM = RF42434X35;
				GENERATE_INFOPLIST_FILE = YES;
				IPHONEOS_DEPLOYMENT_TARGET = 16.4;
				MARKETING_VERSION = 1.0;
				PRODUCT_BUNDLE_IDENTIFIER = com.Taeyoung.BookSearchAppUITests;
				PRODUCT_NAME = "$(TARGET_NAME)";
				SWIFT_EMIT_LOC_STRINGS = NO;
				SWIFT_VERSION = 5.0;
				TARGETED_DEVICE_FAMILY = "1,2";
				TEST_TARGET_NAME = BookSearchApp;
			};
			name = Release;
		};
		669DE1BA29E4EBF5007C8819 /* Debug */ = {
			isa = XCBuildConfiguration;
			buildSettings = {
				ALWAYS_SEARCH_USER_PATHS = NO;
				CLANG_ANALYZER_NONNULL = YES;
				CLANG_ANALYZER_NUMBER_OBJECT_CONVERSION = YES_AGGRESSIVE;
				CLANG_CXX_LANGUAGE_STANDARD = "gnu++20";
				CLANG_ENABLE_MODULES = YES;
				CLANG_ENABLE_OBJC_ARC = YES;
				CLANG_ENABLE_OBJC_WEAK = YES;
				CLANG_WARN_BLOCK_CAPTURE_AUTORELEASING = YES;
				CLANG_WARN_BOOL_CONVERSION = YES;
				CLANG_WARN_COMMA = YES;
				CLANG_WARN_CONSTANT_CONVERSION = YES;
				CLANG_WARN_DEPRECATED_OBJC_IMPLEMENTATIONS = YES;
				CLANG_WARN_DIRECT_OBJC_ISA_USAGE = YES_ERROR;
				CLANG_WARN_DOCUMENTATION_COMMENTS = YES;
				CLANG_WARN_EMPTY_BODY = YES;
				CLANG_WARN_ENUM_CONVERSION = YES;
				CLANG_WARN_INFINITE_RECURSION = YES;
				CLANG_WARN_INT_CONVERSION = YES;
				CLANG_WARN_NON_LITERAL_NULL_CONVERSION = YES;
				CLANG_WARN_OBJC_IMPLICIT_RETAIN_SELF = YES;
				CLANG_WARN_OBJC_LITERAL_CONVERSION = YES;
				CLANG_WARN_OBJC_ROOT_CLASS = YES_ERROR;
				CLANG_WARN_QUOTED_INCLUDE_IN_FRAMEWORK_HEADER = YES;
				CLANG_WARN_RANGE_LOOP_ANALYSIS = YES;
				CLANG_WARN_STRICT_PROTOTYPES = YES;
				CLANG_WARN_SUSPICIOUS_MOVE = YES;
				CLANG_WARN_UNGUARDED_AVAILABILITY = YES_AGGRESSIVE;
				CLANG_WARN_UNREACHABLE_CODE = YES;
				CLANG_WARN__DUPLICATE_METHOD_MATCH = YES;
				COPY_PHASE_STRIP = NO;
				DEBUG_INFORMATION_FORMAT = dwarf;
				ENABLE_STRICT_OBJC_MSGSEND = YES;
				ENABLE_TESTABILITY = YES;
				GCC_C_LANGUAGE_STANDARD = gnu11;
				GCC_DYNAMIC_NO_PIC = NO;
				GCC_NO_COMMON_BLOCKS = YES;
				GCC_OPTIMIZATION_LEVEL = 0;
				GCC_PREPROCESSOR_DEFINITIONS = (
					"DEBUG=1",
					"$(inherited)",
				);
				GCC_WARN_64_TO_32_BIT_CONVERSION = YES;
				GCC_WARN_ABOUT_RETURN_TYPE = YES_ERROR;
				GCC_WARN_UNDECLARED_SELECTOR = YES;
				GCC_WARN_UNINITIALIZED_AUTOS = YES_AGGRESSIVE;
				GCC_WARN_UNUSED_FUNCTION = YES;
				GCC_WARN_UNUSED_VARIABLE = YES;
				IPHONEOS_DEPLOYMENT_TARGET = 14.1;
				MTL_ENABLE_DEBUG_INFO = INCLUDE_SOURCE;
				MTL_FAST_MATH = YES;
				ONLY_ACTIVE_ARCH = YES;
				SDKROOT = iphoneos;
				SWIFT_ACTIVE_COMPILATION_CONDITIONS = DEBUG;
				SWIFT_OPTIMIZATION_LEVEL = "-Onone";
			};
			name = Debug;
		};
		669DE1BB29E4EBF5007C8819 /* Release */ = {
			isa = XCBuildConfiguration;
			buildSettings = {
				ALWAYS_SEARCH_USER_PATHS = NO;
				CLANG_ANALYZER_NONNULL = YES;
				CLANG_ANALYZER_NUMBER_OBJECT_CONVERSION = YES_AGGRESSIVE;
				CLANG_CXX_LANGUAGE_STANDARD = "gnu++20";
				CLANG_ENABLE_MODULES = YES;
				CLANG_ENABLE_OBJC_ARC = YES;
				CLANG_ENABLE_OBJC_WEAK = YES;
				CLANG_WARN_BLOCK_CAPTURE_AUTORELEASING = YES;
				CLANG_WARN_BOOL_CONVERSION = YES;
				CLANG_WARN_COMMA = YES;
				CLANG_WARN_CONSTANT_CONVERSION = YES;
				CLANG_WARN_DEPRECATED_OBJC_IMPLEMENTATIONS = YES;
				CLANG_WARN_DIRECT_OBJC_ISA_USAGE = YES_ERROR;
				CLANG_WARN_DOCUMENTATION_COMMENTS = YES;
				CLANG_WARN_EMPTY_BODY = YES;
				CLANG_WARN_ENUM_CONVERSION = YES;
				CLANG_WARN_INFINITE_RECURSION = YES;
				CLANG_WARN_INT_CONVERSION = YES;
				CLANG_WARN_NON_LITERAL_NULL_CONVERSION = YES;
				CLANG_WARN_OBJC_IMPLICIT_RETAIN_SELF = YES;
				CLANG_WARN_OBJC_LITERAL_CONVERSION = YES;
				CLANG_WARN_OBJC_ROOT_CLASS = YES_ERROR;
				CLANG_WARN_QUOTED_INCLUDE_IN_FRAMEWORK_HEADER = YES;
				CLANG_WARN_RANGE_LOOP_ANALYSIS = YES;
				CLANG_WARN_STRICT_PROTOTYPES = YES;
				CLANG_WARN_SUSPICIOUS_MOVE = YES;
				CLANG_WARN_UNGUARDED_AVAILABILITY = YES_AGGRESSIVE;
				CLANG_WARN_UNREACHABLE_CODE = YES;
				CLANG_WARN__DUPLICATE_METHOD_MATCH = YES;
				COPY_PHASE_STRIP = NO;
				DEBUG_INFORMATION_FORMAT = "dwarf-with-dsym";
				ENABLE_NS_ASSERTIONS = NO;
				ENABLE_STRICT_OBJC_MSGSEND = YES;
				GCC_C_LANGUAGE_STANDARD = gnu11;
				GCC_NO_COMMON_BLOCKS = YES;
				GCC_WARN_64_TO_32_BIT_CONVERSION = YES;
				GCC_WARN_ABOUT_RETURN_TYPE = YES_ERROR;
				GCC_WARN_UNDECLARED_SELECTOR = YES;
				GCC_WARN_UNINITIALIZED_AUTOS = YES_AGGRESSIVE;
				GCC_WARN_UNUSED_FUNCTION = YES;
				GCC_WARN_UNUSED_VARIABLE = YES;
				IPHONEOS_DEPLOYMENT_TARGET = 14.1;
				MTL_ENABLE_DEBUG_INFO = NO;
				MTL_FAST_MATH = YES;
				SDKROOT = iphoneos;
				SWIFT_COMPILATION_MODE = wholemodule;
				SWIFT_OPTIMIZATION_LEVEL = "-O";
				VALIDATE_PRODUCT = YES;
			};
			name = Release;
		};
		669DE1BD29E4EBF5007C8819 /* Debug */ = {
			isa = XCBuildConfiguration;
			buildSettings = {
				ASSETCATALOG_COMPILER_APPICON_NAME = AppIcon;
				ASSETCATALOG_COMPILER_GLOBAL_ACCENT_COLOR_NAME = AccentColor;
				CODE_SIGN_STYLE = Automatic;
				CURRENT_PROJECT_VERSION = 1;
				DEVELOPMENT_ASSET_PATHS = "\"BookSearchApp/Preview Content\"";
				DEVELOPMENT_TEAM = RF42434X35;
				ENABLE_PREVIEWS = YES;
				GENERATE_INFOPLIST_FILE = YES;
				INFOPLIST_FILE = BookSearchApp/Info.plist;
				INFOPLIST_KEY_UIApplicationSceneManifest_Generation = YES;
				INFOPLIST_KEY_UIApplicationSupportsIndirectInputEvents = YES;
				INFOPLIST_KEY_UILaunchScreen_Generation = YES;
				INFOPLIST_KEY_UIStatusBarStyle = "";
				INFOPLIST_KEY_UISupportedInterfaceOrientations_iPad = "UIInterfaceOrientationPortrait UIInterfaceOrientationPortraitUpsideDown UIInterfaceOrientationLandscapeLeft UIInterfaceOrientationLandscapeRight";
				INFOPLIST_KEY_UISupportedInterfaceOrientations_iPhone = "UIInterfaceOrientationPortrait UIInterfaceOrientationLandscapeLeft UIInterfaceOrientationLandscapeRight";
				LD_RUNPATH_SEARCH_PATHS = (
					"$(inherited)",
					"@executable_path/Frameworks",
				);
				MARKETING_VERSION = 1.0;
				PRODUCT_BUNDLE_IDENTIFIER = com.Taeyoung.BookSearchApp;
				PRODUCT_NAME = "$(TARGET_NAME)";
				SWIFT_EMIT_LOC_STRINGS = YES;
				SWIFT_VERSION = 5.0;
				TARGETED_DEVICE_FAMILY = "1,2";
			};
			name = Debug;
		};
		669DE1BE29E4EBF5007C8819 /* Release */ = {
			isa = XCBuildConfiguration;
			buildSettings = {
				ASSETCATALOG_COMPILER_APPICON_NAME = AppIcon;
				ASSETCATALOG_COMPILER_GLOBAL_ACCENT_COLOR_NAME = AccentColor;
				CODE_SIGN_STYLE = Automatic;
				CURRENT_PROJECT_VERSION = 1;
				DEVELOPMENT_ASSET_PATHS = "\"BookSearchApp/Preview Content\"";
				DEVELOPMENT_TEAM = RF42434X35;
				ENABLE_PREVIEWS = YES;
				GENERATE_INFOPLIST_FILE = YES;
				INFOPLIST_FILE = BookSearchApp/Info.plist;
				INFOPLIST_KEY_UIApplicationSceneManifest_Generation = YES;
				INFOPLIST_KEY_UIApplicationSupportsIndirectInputEvents = YES;
				INFOPLIST_KEY_UILaunchScreen_Generation = YES;
				INFOPLIST_KEY_UIStatusBarStyle = "";
				INFOPLIST_KEY_UISupportedInterfaceOrientations_iPad = "UIInterfaceOrientationPortrait UIInterfaceOrientationPortraitUpsideDown UIInterfaceOrientationLandscapeLeft UIInterfaceOrientationLandscapeRight";
				INFOPLIST_KEY_UISupportedInterfaceOrientations_iPhone = "UIInterfaceOrientationPortrait UIInterfaceOrientationLandscapeLeft UIInterfaceOrientationLandscapeRight";
				LD_RUNPATH_SEARCH_PATHS = (
					"$(inherited)",
					"@executable_path/Frameworks",
				);
				MARKETING_VERSION = 1.0;
				PRODUCT_BUNDLE_IDENTIFIER = com.Taeyoung.BookSearchApp;
				PRODUCT_NAME = "$(TARGET_NAME)";
				SWIFT_EMIT_LOC_STRINGS = YES;
				SWIFT_VERSION = 5.0;
				TARGETED_DEVICE_FAMILY = "1,2";
			};
			name = Release;
		};
/* End XCBuildConfiguration section */

/* Begin XCConfigurationList section */
		66879B9129E7AFC7000E639A /* Build configuration list for PBXNativeTarget "BookSearchAppTests" */ = {
			isa = XCConfigurationList;
			buildConfigurations = (
				66879B8F29E7AFC7000E639A /* Debug */,
				66879B9029E7AFC7000E639A /* Release */,
			);
			defaultConfigurationIsVisible = 0;
			defaultConfigurationName = Release;
		};
		66879B9C29E7B76F000E639A /* Build configuration list for PBXNativeTarget "BooksSearchSlowTests" */ = {
			isa = XCConfigurationList;
			buildConfigurations = (
				66879B9D29E7B76F000E639A /* Debug */,
				66879B9E29E7B76F000E639A /* Release */,
			);
			defaultConfigurationIsVisible = 0;
			defaultConfigurationName = Release;
		};
		66879BAF29E7D023000E639A /* Build configuration list for PBXNativeTarget "BookSearchAppUITests" */ = {
			isa = XCConfigurationList;
			buildConfigurations = (
				66879BB029E7D023000E639A /* Debug */,
				66879BB129E7D023000E639A /* Release */,
			);
			defaultConfigurationIsVisible = 0;
			defaultConfigurationName = Release;
		};
		669DE1A929E4EBF4007C8819 /* Build configuration list for PBXProject "BookSearchApp" */ = {
			isa = XCConfigurationList;
			buildConfigurations = (
				669DE1BA29E4EBF5007C8819 /* Debug */,
				669DE1BB29E4EBF5007C8819 /* Release */,
			);
			defaultConfigurationIsVisible = 0;
			defaultConfigurationName = Release;
		};
		669DE1BC29E4EBF5007C8819 /* Build configuration list for PBXNativeTarget "BookSearchApp" */ = {
			isa = XCConfigurationList;
			buildConfigurations = (
				669DE1BD29E4EBF5007C8819 /* Debug */,
				669DE1BE29E4EBF5007C8819 /* Release */,
			);
			defaultConfigurationIsVisible = 0;
			defaultConfigurationName = Release;
		};
/* End XCConfigurationList section */
	};
	rootObject = 669DE1A629E4EBF4007C8819 /* Project object */;
}
