// !$*UTF8*$!
{
	archiveVersion = 1;
	classes = {
	};
	objectVersion = 56;
	objects = {

/* Begin PBXBuildFile section */
		669DE1B229E4EBF4007C8819 /* BookSearchAppApp.swift in Sources */ = {isa = PBXBuildFile; fileRef = 669DE1B129E4EBF4007C8819 /* BookSearchAppApp.swift */; };
		669DE1B429E4EBF4007C8819 /* ContentView.swift in Sources */ = {isa = PBXBuildFile; fileRef = 669DE1B329E4EBF4007C8819 /* ContentView.swift */; };
		669DE1B629E4EBF5007C8819 /* Assets.xcassets in Resources */ = {isa = PBXBuildFile; fileRef = 669DE1B529E4EBF5007C8819 /* Assets.xcassets */; };
		669DE1B929E4EBF5007C8819 /* Preview Assets.xcassets in Resources */ = {isa = PBXBuildFile; fileRef = 669DE1B829E4EBF5007C8819 /* Preview Assets.xcassets */; };
		669DE1C129E4EF02007C8819 /* .swiftlint.yml in Resources */ = {isa = PBXBuildFile; fileRef = 669DE1C029E4EF02007C8819 /* .swiftlint.yml */; };
		669DE1C829E50640007C8819 /* BookSearchViewModel.swift in Sources */ = {isa = PBXBuildFile; fileRef = 669DE1C729E50640007C8819 /* BookSearchViewModel.swift */; };
		669DE1CA29E506A7007C8819 /* Book.swift in Sources */ = {isa = PBXBuildFile; fileRef = 669DE1C929E506A7007C8819 /* Book.swift */; };
		669DE1CD29E507AB007C8819 /* WebService.swift in Sources */ = {isa = PBXBuildFile; fileRef = 669DE1CC29E507AB007C8819 /* WebService.swift */; };
		669DE1D029E54CC1007C8819 /* ViewExtension.swift in Sources */ = {isa = PBXBuildFile; fileRef = 669DE1CF29E54CC1007C8819 /* ViewExtension.swift */; };
		669DE1D229E54D94007C8819 /* TextFieldClearButton.swift in Sources */ = {isa = PBXBuildFile; fileRef = 669DE1D129E54D94007C8819 /* TextFieldClearButton.swift */; };
		66C3FBBD29E55FBD0059BE1B /* APILinkList.plist in Resources */ = {isa = PBXBuildFile; fileRef = 66C3FBBC29E55FBD0059BE1B /* APILinkList.plist */; };
		66C3FBBF29E5602A0059BE1B /* BundleExtension.swift in Sources */ = {isa = PBXBuildFile; fileRef = 66C3FBBE29E5602A0059BE1B /* BundleExtension.swift */; };
		66C3FBC229E594200059BE1B /* BookSellView.swift in Sources */ = {isa = PBXBuildFile; fileRef = 66C3FBC129E594200059BE1B /* BookSellView.swift */; };
		66C3FBC529E595AF0059BE1B /* BookDetailView.swift in Sources */ = {isa = PBXBuildFile; fileRef = 66C3FBC429E595AF0059BE1B /* BookDetailView.swift */; };
/* End PBXBuildFile section */

/* Begin PBXFileReference section */
		669DE1AE29E4EBF4007C8819 /* BookSearchApp.app */ = {isa = PBXFileReference; explicitFileType = wrapper.application; includeInIndex = 0; path = BookSearchApp.app; sourceTree = BUILT_PRODUCTS_DIR; };
		669DE1B129E4EBF4007C8819 /* BookSearchAppApp.swift */ = {isa = PBXFileReference; lastKnownFileType = sourcecode.swift; path = BookSearchAppApp.swift; sourceTree = "<group>"; };
		669DE1B329E4EBF4007C8819 /* ContentView.swift */ = {isa = PBXFileReference; lastKnownFileType = sourcecode.swift; path = ContentView.swift; sourceTree = "<group>"; };
		669DE1B529E4EBF5007C8819 /* Assets.xcassets */ = {isa = PBXFileReference; lastKnownFileType = folder.assetcatalog; path = Assets.xcassets; sourceTree = "<group>"; };
		669DE1B829E4EBF5007C8819 /* Preview Assets.xcassets */ = {isa = PBXFileReference; lastKnownFileType = folder.assetcatalog; path = "Preview Assets.xcassets"; sourceTree = "<group>"; };
		669DE1C029E4EF02007C8819 /* .swiftlint.yml */ = {isa = PBXFileReference; lastKnownFileType = text.yaml; path = .swiftlint.yml; sourceTree = "<group>"; };
		669DE1C729E50640007C8819 /* BookSearchViewModel.swift */ = {isa = PBXFileReference; lastKnownFileType = sourcecode.swift; path = BookSearchViewModel.swift; sourceTree = "<group>"; };
		669DE1C929E506A7007C8819 /* Book.swift */ = {isa = PBXFileReference; lastKnownFileType = sourcecode.swift; path = Book.swift; sourceTree = "<group>"; };
		669DE1CC29E507AB007C8819 /* WebService.swift */ = {isa = PBXFileReference; lastKnownFileType = sourcecode.swift; path = WebService.swift; sourceTree = "<group>"; };
		669DE1CF29E54CC1007C8819 /* ViewExtension.swift */ = {isa = PBXFileReference; lastKnownFileType = sourcecode.swift; path = ViewExtension.swift; sourceTree = "<group>"; };
		669DE1D129E54D94007C8819 /* TextFieldClearButton.swift */ = {isa = PBXFileReference; lastKnownFileType = sourcecode.swift; path = TextFieldClearButton.swift; sourceTree = "<group>"; };
		669DE1D929E55D83007C8819 /* Info.plist */ = {isa = PBXFileReference; fileEncoding = 4; lastKnownFileType = text.plist.xml; path = Info.plist; sourceTree = "<group>"; };
		66C3FBBC29E55FBD0059BE1B /* APILinkList.plist */ = {isa = PBXFileReference; lastKnownFileType = text.plist.xml; path = APILinkList.plist; sourceTree = "<group>"; };
		66C3FBBE29E5602A0059BE1B /* BundleExtension.swift */ = {isa = PBXFileReference; lastKnownFileType = sourcecode.swift; path = BundleExtension.swift; sourceTree = "<group>"; };
		66C3FBC129E594200059BE1B /* BookSellView.swift */ = {isa = PBXFileReference; lastKnownFileType = sourcecode.swift; path = BookSellView.swift; sourceTree = "<group>"; };
		66C3FBC429E595AF0059BE1B /* BookDetailView.swift */ = {isa = PBXFileReference; lastKnownFileType = sourcecode.swift; path = BookDetailView.swift; sourceTree = "<group>"; };
/* End PBXFileReference section */

/* Begin PBXFrameworksBuildPhase section */
		669DE1AB29E4EBF4007C8819 /* Frameworks */ = {
			isa = PBXFrameworksBuildPhase;
			buildActionMask = 2147483647;
			files = (
			);
			runOnlyForDeploymentPostprocessing = 0;
		};
/* End PBXFrameworksBuildPhase section */

/* Begin PBXGroup section */
		669DE1A529E4EBF4007C8819 = {
			isa = PBXGroup;
			children = (
				66C3FBBC29E55FBD0059BE1B /* APILinkList.plist */,
				669DE1B029E4EBF4007C8819 /* BookSearchApp */,
				669DE1AF29E4EBF4007C8819 /* Products */,
			);
			sourceTree = "<group>";
		};
		669DE1AF29E4EBF4007C8819 /* Products */ = {
			isa = PBXGroup;
			children = (
				669DE1AE29E4EBF4007C8819 /* BookSearchApp.app */,
			);
			name = Products;
			sourceTree = "<group>";
		};
		669DE1B029E4EBF4007C8819 /* BookSearchApp */ = {
			isa = PBXGroup;
			children = (
				669DE1D929E55D83007C8819 /* Info.plist */,
				669DE1B129E4EBF4007C8819 /* BookSearchAppApp.swift */,
				669DE1D429E555C6007C8819 /* View */,
				669DE1CE29E54CA0007C8819 /* Extension */,
				669DE1CB29E5079D007C8819 /* WebService */,
				669DE1C629E5062E007C8819 /* ViewModel */,
				669DE1C229E504BB007C8819 /* Model */,
				669DE1B529E4EBF5007C8819 /* Assets.xcassets */,
				669DE1B729E4EBF5007C8819 /* Preview Content */,
				669DE1C029E4EF02007C8819 /* .swiftlint.yml */,
			);
			path = BookSearchApp;
			sourceTree = "<group>";
		};
		669DE1B729E4EBF5007C8819 /* Preview Content */ = {
			isa = PBXGroup;
			children = (
				669DE1B829E4EBF5007C8819 /* Preview Assets.xcassets */,
			);
			path = "Preview Content";
			sourceTree = "<group>";
		};
		669DE1C229E504BB007C8819 /* Model */ = {
			isa = PBXGroup;
			children = (
				669DE1C929E506A7007C8819 /* Book.swift */,
			);
			path = Model;
			sourceTree = "<group>";
		};
		669DE1C629E5062E007C8819 /* ViewModel */ = {
			isa = PBXGroup;
			children = (
				669DE1C729E50640007C8819 /* BookSearchViewModel.swift */,
			);
			path = ViewModel;
			sourceTree = "<group>";
		};
		669DE1CB29E5079D007C8819 /* WebService */ = {
			isa = PBXGroup;
			children = (
				669DE1CC29E507AB007C8819 /* WebService.swift */,
			);
			path = WebService;
			sourceTree = "<group>";
		};
		669DE1CE29E54CA0007C8819 /* Extension */ = {
			isa = PBXGroup;
			children = (
				669DE1CF29E54CC1007C8819 /* ViewExtension.swift */,
				669DE1D129E54D94007C8819 /* TextFieldClearButton.swift */,
				66C3FBBE29E5602A0059BE1B /* BundleExtension.swift */,
			);
			path = Extension;
			sourceTree = "<group>";
		};
		669DE1D429E555C6007C8819 /* View */ = {
			isa = PBXGroup;
			children = (
				66C3FBC029E593E80059BE1B /* BooksSearchView */,
				66C3FBC329E595850059BE1B /* BookDetailView */,
			);
			path = View;
			sourceTree = "<group>";
		};
		66C3FBC029E593E80059BE1B /* BooksSearchView */ = {
			isa = PBXGroup;
			children = (
				669DE1B329E4EBF4007C8819 /* ContentView.swift */,
				66C3FBC129E594200059BE1B /* BookSellView.swift */,
			);
			path = BooksSearchView;
			sourceTree = "<group>";
		};
		66C3FBC329E595850059BE1B /* BookDetailView */ = {
			isa = PBXGroup;
			children = (
				66C3FBC429E595AF0059BE1B /* BookDetailView.swift */,
			);
			path = BookDetailView;
			sourceTree = "<group>";
		};
/* End PBXGroup section */

/* Begin PBXNativeTarget section */
		669DE1AD29E4EBF4007C8819 /* BookSearchApp */ = {
			isa = PBXNativeTarget;
			buildConfigurationList = 669DE1BC29E4EBF5007C8819 /* Build configuration list for PBXNativeTarget "BookSearchApp" */;
			buildPhases = (
				669DE1BF29E4EE89007C8819 /* SwiftLint Script */,
				669DE1AA29E4EBF4007C8819 /* Sources */,
				669DE1AB29E4EBF4007C8819 /* Frameworks */,
				669DE1AC29E4EBF4007C8819 /* Resources */,
			);
			buildRules = (
			);
			dependencies = (
			);
			name = BookSearchApp;
			productName = BookSearchApp;
			productReference = 669DE1AE29E4EBF4007C8819 /* BookSearchApp.app */;
			productType = "com.apple.product-type.application";
		};
/* End PBXNativeTarget section */

/* Begin PBXProject section */
		669DE1A629E4EBF4007C8819 /* Project object */ = {
			isa = PBXProject;
			attributes = {
				BuildIndependentTargetsInParallel = 1;
				LastSwiftUpdateCheck = 1430;
				LastUpgradeCheck = 1430;
				TargetAttributes = {
					669DE1AD29E4EBF4007C8819 = {
						CreatedOnToolsVersion = 14.3;
					};
				};
			};
			buildConfigurationList = 669DE1A929E4EBF4007C8819 /* Build configuration list for PBXProject "BookSearchApp" */;
			compatibilityVersion = "Xcode 14.0";
			developmentRegion = en;
			hasScannedForEncodings = 0;
			knownRegions = (
				en,
				Base,
			);
			mainGroup = 669DE1A529E4EBF4007C8819;
			productRefGroup = 669DE1AF29E4EBF4007C8819 /* Products */;
			projectDirPath = "";
			projectRoot = "";
			targets = (
				669DE1AD29E4EBF4007C8819 /* BookSearchApp */,
			);
		};
/* End PBXProject section */

/* Begin PBXResourcesBuildPhase section */
		669DE1AC29E4EBF4007C8819 /* Resources */ = {
			isa = PBXResourcesBuildPhase;
			buildActionMask = 2147483647;
			files = (
				669DE1C129E4EF02007C8819 /* .swiftlint.yml in Resources */,
				669DE1B929E4EBF5007C8819 /* Preview Assets.xcassets in Resources */,
				669DE1B629E4EBF5007C8819 /* Assets.xcassets in Resources */,
				66C3FBBD29E55FBD0059BE1B /* APILinkList.plist in Resources */,
			);
			runOnlyForDeploymentPostprocessing = 0;
		};
/* End PBXResourcesBuildPhase section */

/* Begin PBXShellScriptBuildPhase section */
		669DE1BF29E4EE89007C8819 /* SwiftLint Script */ = {
			isa = PBXShellScriptBuildPhase;
			alwaysOutOfDate = 1;
			buildActionMask = 2147483647;
			files = (
			);
			inputFileListPaths = (
			);
			inputPaths = (
			);
			name = "SwiftLint Script";
			outputFileListPaths = (
			);
			outputPaths = (
			);
			runOnlyForDeploymentPostprocessing = 0;
			shellPath = /bin/sh;
			shellScript = "# Type a script or drag a script file from your workspace to insert its path.\nexport PATH=\"$PATH:/opt/homebrew/bin\"\nif which swiftlint > /dev/null; then\n  swiftlint\nelse\n  echo \"warning: SwiftLint not installed, download from https://github.com/realm/SwiftLint\"\nfi\n";
		};
/* End PBXShellScriptBuildPhase section */

/* Begin PBXSourcesBuildPhase section */
		669DE1AA29E4EBF4007C8819 /* Sources */ = {
			isa = PBXSourcesBuildPhase;
			buildActionMask = 2147483647;
			files = (
				669DE1B429E4EBF4007C8819 /* ContentView.swift in Sources */,
				669DE1D029E54CC1007C8819 /* ViewExtension.swift in Sources */,
				66C3FBC529E595AF0059BE1B /* BookDetailView.swift in Sources */,
				669DE1B229E4EBF4007C8819 /* BookSearchAppApp.swift in Sources */,
				669DE1D229E54D94007C8819 /* TextFieldClearButton.swift in Sources */,
				66C3FBC229E594200059BE1B /* BookSellView.swift in Sources */,
				669DE1CA29E506A7007C8819 /* Book.swift in Sources */,
				669DE1CD29E507AB007C8819 /* WebService.swift in Sources */,
				669DE1C829E50640007C8819 /* BookSearchViewModel.swift in Sources */,
				66C3FBBF29E5602A0059BE1B /* BundleExtension.swift in Sources */,
			);
			runOnlyForDeploymentPostprocessing = 0;
		};
/* End PBXSourcesBuildPhase section */

/* Begin XCBuildConfiguration section */
		669DE1BA29E4EBF5007C8819 /* Debug */ = {
			isa = XCBuildConfiguration;
			buildSettings = {
				ALWAYS_SEARCH_USER_PATHS = NO;
				CLANG_ANALYZER_NONNULL = YES;
				CLANG_ANALYZER_NUMBER_OBJECT_CONVERSION = YES_AGGRESSIVE;
				CLANG_CXX_LANGUAGE_STANDARD = "gnu++20";
				CLANG_ENABLE_MODULES = YES;
				CLANG_ENABLE_OBJC_ARC = YES;
				CLANG_ENABLE_OBJC_WEAK = YES;
				CLANG_WARN_BLOCK_CAPTURE_AUTORELEASING = YES;
				CLANG_WARN_BOOL_CONVERSION = YES;
				CLANG_WARN_COMMA = YES;
				CLANG_WARN_CONSTANT_CONVERSION = YES;
				CLANG_WARN_DEPRECATED_OBJC_IMPLEMENTATIONS = YES;
				CLANG_WARN_DIRECT_OBJC_ISA_USAGE = YES_ERROR;
				CLANG_WARN_DOCUMENTATION_COMMENTS = YES;
				CLANG_WARN_EMPTY_BODY = YES;
				CLANG_WARN_ENUM_CONVERSION = YES;
				CLANG_WARN_INFINITE_RECURSION = YES;
				CLANG_WARN_INT_CONVERSION = YES;
				CLANG_WARN_NON_LITERAL_NULL_CONVERSION = YES;
				CLANG_WARN_OBJC_IMPLICIT_RETAIN_SELF = YES;
				CLANG_WARN_OBJC_LITERAL_CONVERSION = YES;
				CLANG_WARN_OBJC_ROOT_CLASS = YES_ERROR;
				CLANG_WARN_QUOTED_INCLUDE_IN_FRAMEWORK_HEADER = YES;
				CLANG_WARN_RANGE_LOOP_ANALYSIS = YES;
				CLANG_WARN_STRICT_PROTOTYPES = YES;
				CLANG_WARN_SUSPICIOUS_MOVE = YES;
				CLANG_WARN_UNGUARDED_AVAILABILITY = YES_AGGRESSIVE;
				CLANG_WARN_UNREACHABLE_CODE = YES;
				CLANG_WARN__DUPLICATE_METHOD_MATCH = YES;
				COPY_PHASE_STRIP = NO;
				DEBUG_INFORMATION_FORMAT = dwarf;
				ENABLE_STRICT_OBJC_MSGSEND = YES;
				ENABLE_TESTABILITY = YES;
				GCC_C_LANGUAGE_STANDARD = gnu11;
				GCC_DYNAMIC_NO_PIC = NO;
				GCC_NO_COMMON_BLOCKS = YES;
				GCC_OPTIMIZATION_LEVEL = 0;
				GCC_PREPROCESSOR_DEFINITIONS = (
					"DEBUG=1",
					"$(inherited)",
				);
				GCC_WARN_64_TO_32_BIT_CONVERSION = YES;
				GCC_WARN_ABOUT_RETURN_TYPE = YES_ERROR;
				GCC_WARN_UNDECLARED_SELECTOR = YES;
				GCC_WARN_UNINITIALIZED_AUTOS = YES_AGGRESSIVE;
				GCC_WARN_UNUSED_FUNCTION = YES;
				GCC_WARN_UNUSED_VARIABLE = YES;
				IPHONEOS_DEPLOYMENT_TARGET = 14.1;
				MTL_ENABLE_DEBUG_INFO = INCLUDE_SOURCE;
				MTL_FAST_MATH = YES;
				ONLY_ACTIVE_ARCH = YES;
				SDKROOT = iphoneos;
				SWIFT_ACTIVE_COMPILATION_CONDITIONS = DEBUG;
				SWIFT_OPTIMIZATION_LEVEL = "-Onone";
			};
			name = Debug;
		};
		669DE1BB29E4EBF5007C8819 /* Release */ = {
			isa = XCBuildConfiguration;
			buildSettings = {
				ALWAYS_SEARCH_USER_PATHS = NO;
				CLANG_ANALYZER_NONNULL = YES;
				CLANG_ANALYZER_NUMBER_OBJECT_CONVERSION = YES_AGGRESSIVE;
				CLANG_CXX_LANGUAGE_STANDARD = "gnu++20";
				CLANG_ENABLE_MODULES = YES;
				CLANG_ENABLE_OBJC_ARC = YES;
				CLANG_ENABLE_OBJC_WEAK = YES;
				CLANG_WARN_BLOCK_CAPTURE_AUTORELEASING = YES;
				CLANG_WARN_BOOL_CONVERSION = YES;
				CLANG_WARN_COMMA = YES;
				CLANG_WARN_CONSTANT_CONVERSION = YES;
				CLANG_WARN_DEPRECATED_OBJC_IMPLEMENTATIONS = YES;
				CLANG_WARN_DIRECT_OBJC_ISA_USAGE = YES_ERROR;
				CLANG_WARN_DOCUMENTATION_COMMENTS = YES;
				CLANG_WARN_EMPTY_BODY = YES;
				CLANG_WARN_ENUM_CONVERSION = YES;
				CLANG_WARN_INFINITE_RECURSION = YES;
				CLANG_WARN_INT_CONVERSION = YES;
				CLANG_WARN_NON_LITERAL_NULL_CONVERSION = YES;
				CLANG_WARN_OBJC_IMPLICIT_RETAIN_SELF = YES;
				CLANG_WARN_OBJC_LITERAL_CONVERSION = YES;
				CLANG_WARN_OBJC_ROOT_CLASS = YES_ERROR;
				CLANG_WARN_QUOTED_INCLUDE_IN_FRAMEWORK_HEADER = YES;
				CLANG_WARN_RANGE_LOOP_ANALYSIS = YES;
				CLANG_WARN_STRICT_PROTOTYPES = YES;
				CLANG_WARN_SUSPICIOUS_MOVE = YES;
				CLANG_WARN_UNGUARDED_AVAILABILITY = YES_AGGRESSIVE;
				CLANG_WARN_UNREACHABLE_CODE = YES;
				CLANG_WARN__DUPLICATE_METHOD_MATCH = YES;
				COPY_PHASE_STRIP = NO;
				DEBUG_INFORMATION_FORMAT = "dwarf-with-dsym";
				ENABLE_NS_ASSERTIONS = NO;
				ENABLE_STRICT_OBJC_MSGSEND = YES;
				GCC_C_LANGUAGE_STANDARD = gnu11;
				GCC_NO_COMMON_BLOCKS = YES;
				GCC_WARN_64_TO_32_BIT_CONVERSION = YES;
				GCC_WARN_ABOUT_RETURN_TYPE = YES_ERROR;
				GCC_WARN_UNDECLARED_SELECTOR = YES;
				GCC_WARN_UNINITIALIZED_AUTOS = YES_AGGRESSIVE;
				GCC_WARN_UNUSED_FUNCTION = YES;
				GCC_WARN_UNUSED_VARIABLE = YES;
				IPHONEOS_DEPLOYMENT_TARGET = 14.1;
				MTL_ENABLE_DEBUG_INFO = NO;
				MTL_FAST_MATH = YES;
				SDKROOT = iphoneos;
				SWIFT_COMPILATION_MODE = wholemodule;
				SWIFT_OPTIMIZATION_LEVEL = "-O";
				VALIDATE_PRODUCT = YES;
			};
			name = Release;
		};
		669DE1BD29E4EBF5007C8819 /* Debug */ = {
			isa = XCBuildConfiguration;
			buildSettings = {
				ASSETCATALOG_COMPILER_APPICON_NAME = AppIcon;
				ASSETCATALOG_COMPILER_GLOBAL_ACCENT_COLOR_NAME = AccentColor;
				CODE_SIGN_STYLE = Automatic;
				CURRENT_PROJECT_VERSION = 1;
				DEVELOPMENT_ASSET_PATHS = "\"BookSearchApp/Preview Content\"";
				DEVELOPMENT_TEAM = RF42434X35;
				ENABLE_PREVIEWS = YES;
				GENERATE_INFOPLIST_FILE = YES;
				INFOPLIST_FILE = BookSearchApp/Info.plist;
				INFOPLIST_KEY_UIApplicationSceneManifest_Generation = YES;
				INFOPLIST_KEY_UIApplicationSupportsIndirectInputEvents = YES;
				INFOPLIST_KEY_UILaunchScreen_Generation = YES;
				INFOPLIST_KEY_UIStatusBarStyle = "";
				INFOPLIST_KEY_UISupportedInterfaceOrientations_iPad = "UIInterfaceOrientationPortrait UIInterfaceOrientationPortraitUpsideDown UIInterfaceOrientationLandscapeLeft UIInterfaceOrientationLandscapeRight";
				INFOPLIST_KEY_UISupportedInterfaceOrientations_iPhone = "UIInterfaceOrientationPortrait UIInterfaceOrientationLandscapeLeft UIInterfaceOrientationLandscapeRight";
				LD_RUNPATH_SEARCH_PATHS = (
					"$(inherited)",
					"@executable_path/Frameworks",
				);
				MARKETING_VERSION = 1.0;
				PRODUCT_BUNDLE_IDENTIFIER = com.Taeyoung.BookSearchApp;
				PRODUCT_NAME = "$(TARGET_NAME)";
				SWIFT_EMIT_LOC_STRINGS = YES;
				SWIFT_VERSION = 5.0;
				TARGETED_DEVICE_FAMILY = "1,2";
			};
			name = Debug;
		};
		669DE1BE29E4EBF5007C8819 /* Release */ = {
			isa = XCBuildConfiguration;
			buildSettings = {
				ASSETCATALOG_COMPILER_APPICON_NAME = AppIcon;
				ASSETCATALOG_COMPILER_GLOBAL_ACCENT_COLOR_NAME = AccentColor;
				CODE_SIGN_STYLE = Automatic;
				CURRENT_PROJECT_VERSION = 1;
				DEVELOPMENT_ASSET_PATHS = "\"BookSearchApp/Preview Content\"";
				DEVELOPMENT_TEAM = RF42434X35;
				ENABLE_PREVIEWS = YES;
				GENERATE_INFOPLIST_FILE = YES;
				INFOPLIST_FILE = BookSearchApp/Info.plist;
				INFOPLIST_KEY_UIApplicationSceneManifest_Generation = YES;
				INFOPLIST_KEY_UIApplicationSupportsIndirectInputEvents = YES;
				INFOPLIST_KEY_UILaunchScreen_Generation = YES;
				INFOPLIST_KEY_UIStatusBarStyle = "";
				INFOPLIST_KEY_UISupportedInterfaceOrientations_iPad = "UIInterfaceOrientationPortrait UIInterfaceOrientationPortraitUpsideDown UIInterfaceOrientationLandscapeLeft UIInterfaceOrientationLandscapeRight";
				INFOPLIST_KEY_UISupportedInterfaceOrientations_iPhone = "UIInterfaceOrientationPortrait UIInterfaceOrientationLandscapeLeft UIInterfaceOrientationLandscapeRight";
				LD_RUNPATH_SEARCH_PATHS = (
					"$(inherited)",
					"@executable_path/Frameworks",
				);
				MARKETING_VERSION = 1.0;
				PRODUCT_BUNDLE_IDENTIFIER = com.Taeyoung.BookSearchApp;
				PRODUCT_NAME = "$(TARGET_NAME)";
				SWIFT_EMIT_LOC_STRINGS = YES;
				SWIFT_VERSION = 5.0;
				TARGETED_DEVICE_FAMILY = "1,2";
			};
			name = Release;
		};
/* End XCBuildConfiguration section */

/* Begin XCConfigurationList section */
		669DE1A929E4EBF4007C8819 /* Build configuration list for PBXProject "BookSearchApp" */ = {
			isa = XCConfigurationList;
			buildConfigurations = (
				669DE1BA29E4EBF5007C8819 /* Debug */,
				669DE1BB29E4EBF5007C8819 /* Release */,
			);
			defaultConfigurationIsVisible = 0;
			defaultConfigurationName = Release;
		};
		669DE1BC29E4EBF5007C8819 /* Build configuration list for PBXNativeTarget "BookSearchApp" */ = {
			isa = XCConfigurationList;
			buildConfigurations = (
				669DE1BD29E4EBF5007C8819 /* Debug */,
				669DE1BE29E4EBF5007C8819 /* Release */,
			);
			defaultConfigurationIsVisible = 0;
			defaultConfigurationName = Release;
		};
/* End XCConfigurationList section */
	};
	rootObject = 669DE1A629E4EBF4007C8819 /* Project object */;
}
